
Microsoft Visual Studio Solution File, Format Version 12.00
# Visual Studio Version 17
VisualStudioVersion = 17.11.35303.130
MinimumVisualStudioVersion = 10.0.40219.1
Project("{FAE04EC0-301F-11D3-BF4B-00C04F79EFBC}") = "YoutubeClone.Server", "YoutubeClone.Server\YoutubeClone.Server.csproj", "{F5DA135D-0433-4DE6-8331-DE36D31F254A}"
EndProject
Project("{54A90642-561A-4BB1-A94E-469ADEE60C69}") = "youtubeclone.client", "youtubeclone.client\youtubeclone.client.esproj", "{25954AE5-D15A-4161-8F02-C8A2C9E58709}"
EndProject
Global
	GlobalSection(SolutionConfigurationPlatforms) = preSolution
		Debug|Any CPU = Debug|Any CPU
		Release|Any CPU = Release|Any CPU
	EndGlobalSection
	GlobalSection(ProjectConfigurationPlatforms) = postSolution
		{F5DA135D-0433-4DE6-8331-DE36D31F254A}.Debug|Any CPU.ActiveCfg = Debug|Any CPU
		{F5DA135D-0433-4DE6-8331-DE36D31F254A}.Debug|Any CPU.Build.0 = Debug|Any CPU
		{F5DA135D-0433-4DE6-8331-DE36D31F254A}.Release|Any CPU.ActiveCfg = Release|Any CPU
		{F5DA135D-0433-4DE6-8331-DE36D31F254A}.Release|Any CPU.Build.0 = Release|Any CPU
		{25954AE5-D15A-4161-8F02-C8A2C9E58709}.Debug|Any CPU.ActiveCfg = Debug|Any CPU
		{25954AE5-D15A-4161-8F02-C8A2C9E58709}.Debug|Any CPU.Build.0 = Debug|Any CPU
		{25954AE5-D15A-4161-8F02-C8A2C9E58709}.Debug|Any CPU.Deploy.0 = Debug|Any CPU
		{25954AE5-D15A-4161-8F02-C8A2C9E58709}.Release|Any CPU.ActiveCfg = Release|Any CPU
		{25954AE5-D15A-4161-8F02-C8A2C9E58709}.Release|Any CPU.Build.0 = Release|Any CPU
		{25954AE5-D15A-4161-8F02-C8A2C9E58709}.Release|Any CPU.Deploy.0 = Release|Any CPU
	EndGlobalSection
	GlobalSection(SolutionProperties) = preSolution
		HideSolutionNode = FALSE
	EndGlobalSection
	GlobalSection(ExtensibilityGlobals) = postSolution
		SolutionGuid = {C996D5E1-0845-4F8B-A40E-2C48CE260DE7}
	EndGlobalSection
EndGlobal
